
Microsoft Visual Studio Solution File, Format Version 12.00
# Visual Studio Version 17
VisualStudioVersion = 17.14.36221.1 d17.14
MinimumVisualStudioVersion = 10.0.40219.1
Project("{FAE04EC0-301F-11D3-BF4B-00C04F79EFBC}") = "EsercizioEnviroment", "EsercizioEnviroment\EsercizioEnviroment.csproj", "{4316EE1D-805C-4CEB-AB24-64A9AF1FA1ED}"
EndProject
Global
	GlobalSection(SolutionConfigurationPlatforms) = preSolution
		Debug|Any CPU = Debug|Any CPU
		Release|Any CPU = Release|Any CPU
	EndGlobalSection
	GlobalSection(ProjectConfigurationPlatforms) = postSolution
		{4316EE1D-805C-4CEB-AB24-64A9AF1FA1ED}.Debug|Any CPU.ActiveCfg = Debug|Any CPU
		{4316EE1D-805C-4CEB-AB24-64A9AF1FA1ED}.Debug|Any CPU.Build.0 = Debug|Any CPU
		{4316EE1D-805C-4CEB-AB24-64A9AF1FA1ED}.Release|Any CPU.ActiveCfg = Release|Any CPU
		{4316EE1D-805C-4CEB-AB24-64A9AF1FA1ED}.Release|Any CPU.Build.0 = Release|Any CPU
	EndGlobalSection
	GlobalSection(SolutionProperties) = preSolution
		HideSolutionNode = FALSE
	EndGlobalSection
	GlobalSection(ExtensibilityGlobals) = postSolution
		SolutionGuid = {05F9E0D9-2F6B-4CED-BFCD-C3D0882D8056}
	EndGlobalSection
EndGlobal
